{
  "version": 4,
  "terraform_version": "1.5.6",
  "serial": 19,
  "lineage": "369c7a60-3712-581f-2091-b4b2961c948d",
  "outputs": {},
  "resources": [
    {
      "mode": "data",
      "type": "google_compute_network",
      "name": "vpn_network_server",
      "provider": "provider[\"registry.terraform.io/hashicorp/google\"]",
      "instances": [
        {
          "schema_version": 0,
          "attributes": {
            "description": "",
            "gateway_ipv4": "",
            "id": "projects/future-synapse-396814/global/networks/vpn-network-server",
            "name": "vpn-network-server",
            "project": null,
            "self_link": "https://www.googleapis.com/compute/v1/projects/future-synapse-396814/global/networks/vpn-network-server",
            "subnetworks_self_links": [
              "https://www.googleapis.com/compute/v1/projects/future-synapse-396814/regions/us-central1/subnetworks/vpn-network-server",
              "https://www.googleapis.com/compute/v1/projects/future-synapse-396814/regions/europe-west8/subnetworks/vpn-network-server",
              "https://www.googleapis.com/compute/v1/projects/future-synapse-396814/regions/europe-west4/subnetworks/vpn-network-server",
              "https://www.googleapis.com/compute/v1/projects/future-synapse-396814/regions/europe-west1/subnetworks/vpn-network-server",
              "https://www.googleapis.com/compute/v1/projects/future-synapse-396814/regions/asia-south1/subnetworks/vpn-network-server",
              "https://www.googleapis.com/compute/v1/projects/future-synapse-396814/regions/australia-southeast2/subnetworks/vpn-network-server",
              "https://www.googleapis.com/compute/v1/projects/future-synapse-396814/regions/europe-west9/subnetworks/vpn-network-server",
              "https://www.googleapis.com/compute/v1/projects/future-synapse-396814/regions/asia-northeast1/subnetworks/vpn-network-server",
              "https://www.googleapis.com/compute/v1/projects/future-synapse-396814/regions/asia-southeast2/subnetworks/vpn-network-server",
              "https://www.googleapis.com/compute/v1/projects/future-synapse-396814/regions/asia-northeast3/subnetworks/vpn-network-server",
              "https://www.googleapis.com/compute/v1/projects/future-synapse-396814/regions/asia-east2/subnetworks/vpn-network-server",
              "https://www.googleapis.com/compute/v1/projects/future-synapse-396814/regions/europe-west12/subnetworks/vpn-network-server",
              "https://www.googleapis.com/compute/v1/projects/future-synapse-396814/regions/us-west2/subnetworks/vpn-network-server",
              "https://www.googleapis.com/compute/v1/projects/future-synapse-396814/regions/us-west1/subnetworks/vpn-network-server",
              "https://www.googleapis.com/compute/v1/projects/future-synapse-396814/regions/europe-west10/subnetworks/vpn-network-server",
              "https://www.googleapis.com/compute/v1/projects/future-synapse-396814/regions/australia-southeast1/subnetworks/vpn-network-server",
              "https://www.googleapis.com/compute/v1/projects/future-synapse-396814/regions/me-central1/subnetworks/vpn-network-server",
              "https://www.googleapis.com/compute/v1/projects/future-synapse-396814/regions/asia-east1/subnetworks/vpn-network-server",
              "https://www.googleapis.com/compute/v1/projects/future-synapse-396814/regions/southamerica-west1/subnetworks/vpn-network-server",
              "https://www.googleapis.com/compute/v1/projects/future-synapse-396814/regions/us-west3/subnetworks/vpn-network-server",
              "https://www.googleapis.com/compute/v1/projects/future-synapse-396814/regions/asia-southeast1/subnetworks/vpn-network-server",
              "https://www.googleapis.com/compute/v1/projects/future-synapse-396814/regions/northamerica-northeast1/subnetworks/vpn-network-server",
              "https://www.googleapis.com/compute/v1/projects/future-synapse-396814/regions/europe-west6/subnetworks/vpn-network-server",
              "https://www.googleapis.com/compute/v1/projects/future-synapse-396814/regions/europe-west3/subnetworks/vpn-network-server",
              "https://www.googleapis.com/compute/v1/projects/future-synapse-396814/regions/asia-northeast2/subnetworks/vpn-network-server",
              "https://www.googleapis.com/compute/v1/projects/future-synapse-396814/regions/europe-north1/subnetworks/vpn-network-server",
              "https://www.googleapis.com/compute/v1/projects/future-synapse-396814/regions/us-west4/subnetworks/vpn-network-server",
              "https://www.googleapis.com/compute/v1/projects/future-synapse-396814/regions/me-west1/subnetworks/vpn-network-server",
              "https://www.googleapis.com/compute/v1/projects/future-synapse-396814/regions/europe-west2/subnetworks/vpn-network-server",
              "https://www.googleapis.com/compute/v1/projects/future-synapse-396814/regions/northamerica-northeast2/subnetworks/vpn-network-server",
              "https://www.googleapis.com/compute/v1/projects/future-synapse-396814/regions/asia-south2/subnetworks/vpn-network-server",
              "https://www.googleapis.com/compute/v1/projects/future-synapse-396814/regions/us-east4/subnetworks/vpn-network-server",
              "https://www.googleapis.com/compute/v1/projects/future-synapse-396814/regions/us-east1/subnetworks/vpn-network-server",
              "https://www.googleapis.com/compute/v1/projects/future-synapse-396814/regions/europe-central2/subnetworks/vpn-network-server",
              "https://www.googleapis.com/compute/v1/projects/future-synapse-396814/regions/southamerica-east1/subnetworks/vpn-network-server",
              "https://www.googleapis.com/compute/v1/projects/future-synapse-396814/regions/europe-southwest1/subnetworks/vpn-network-server",
              "https://www.googleapis.com/compute/v1/projects/future-synapse-396814/regions/southamerica-west1/subnetworks/vpn-subnet-server",
              "https://www.googleapis.com/compute/v1/projects/future-synapse-396814/regions/us-south1/subnetworks/vpn-network-server",
              "https://www.googleapis.com/compute/v1/projects/future-synapse-396814/regions/us-east5/subnetworks/vpn-network-server"
            ]
          },
          "sensitive_attributes": []
        }
      ]
    },
    {
      "mode": "data",
      "type": "google_compute_vpn_gateway",
      "name": "vpn_gateway_server",
      "provider": "provider[\"registry.terraform.io/hashicorp/google\"]",
      "instances": [
        {
          "schema_version": 0,
          "attributes": {
            "description": "",
            "id": "projects/future-synapse-396814/regions/southamerica-west1/targetVpnGateways/vpn-gateway-server",
            "name": "vpn-gateway-server",
            "network": "https://www.googleapis.com/compute/v1/projects/future-synapse-396814/global/networks/vpn-network-server",
            "project": "future-synapse-396814",
            "region": "https://www.googleapis.com/compute/v1/projects/future-synapse-396814/regions/southamerica-west1",
            "self_link": "https://www.googleapis.com/compute/v1/projects/future-synapse-396814/regions/southamerica-west1/targetVpnGateways/vpn-gateway-server"
          },
          "sensitive_attributes": []
        }
      ]
    },
    {
      "mode": "managed",
      "type": "google_compute_route",
      "name": "route_server",
      "provider": "provider[\"registry.terraform.io/hashicorp/google\"]",
      "instances": [
        {
          "schema_version": 0,
          "attributes": {
            "description": "",
            "dest_range": "10.7.7.0/24",
            "id": "projects/future-synapse-396814/global/routes/route-server",
            "name": "route-server",
            "network": "https://www.googleapis.com/compute/v1/projects/future-synapse-396814/global/networks/vpn-network-server",
            "next_hop_gateway": "",
            "next_hop_ilb": "",
            "next_hop_instance": "",
            "next_hop_instance_zone": null,
            "next_hop_ip": "",
            "next_hop_network": "",
            "next_hop_vpn_tunnel": "https://www.googleapis.com/compute/v1/projects/future-synapse-396814/regions/southamerica-west1/vpnTunnels/vpn-tunnel-server",
            "priority": 1000,
            "project": "future-synapse-396814",
            "self_link": "https://www.googleapis.com/compute/v1/projects/future-synapse-396814/global/routes/route-server",
            "tags": null,
            "timeouts": null
          },
          "sensitive_attributes": [],
          "private": "eyJlMmJmYjczMC1lY2FhLTExZTYtOGY4OC0zNDM2M2JjN2M0YzAiOnsiY3JlYXRlIjoxMjAwMDAwMDAwMDAwLCJkZWxldGUiOjEyMDAwMDAwMDAwMDB9fQ==",
          "dependencies": [
            "data.google_compute_network.vpn_network_server",
            "data.google_compute_vpn_gateway.vpn_gateway_server",
            "google_compute_vpn_tunnel.vpn_tunnel_server"
          ]
        }
      ]
    },
    {
      "mode": "managed",
      "type": "google_compute_vpn_tunnel",
      "name": "vpn_tunnel_server",
      "provider": "provider[\"registry.terraform.io/hashicorp/google\"]",
      "instances": [
        {
          "schema_version": 0,
          "attributes": {
            "creation_timestamp": "2023-08-25T14:55:31.834-07:00",
            "description": "",
            "detailed_status": "Allocating resources. VPN tunnel will start soon.",
            "id": "projects/future-synapse-396814/regions/southamerica-west1/vpnTunnels/vpn-tunnel-server",
            "ike_version": 2,
            "local_traffic_selector": [
              "0.0.0.0/0"
            ],
            "name": "vpn-tunnel-server",
            "peer_external_gateway": "",
            "peer_external_gateway_interface": 0,
            "peer_gcp_gateway": "",
            "peer_ip": "34.176.253.67",
            "project": "future-synapse-396814",
            "region": "southamerica-west1",
            "remote_traffic_selector": [
              "0.0.0.0/0"
            ],
            "router": "",
            "self_link": "https://www.googleapis.com/compute/v1/projects/future-synapse-396814/regions/southamerica-west1/vpnTunnels/vpn-tunnel-server",
            "shared_secret": "VitaWallet",
            "shared_secret_hash": "TmfmCYW0HhGF41jCYsE4n1B8XzCL",
            "target_vpn_gateway": "https://www.googleapis.com/compute/v1/projects/future-synapse-396814/regions/southamerica-west1/targetVpnGateways/vpn-gateway-server",
            "timeouts": null,
            "tunnel_id": "5960992457637535164",
            "vpn_gateway": "",
            "vpn_gateway_interface": 0
          },
          "sensitive_attributes": [],
          "private": "eyJlMmJmYjczMC1lY2FhLTExZTYtOGY4OC0zNDM2M2JjN2M0YzAiOnsiY3JlYXRlIjoxMjAwMDAwMDAwMDAwLCJkZWxldGUiOjEyMDAwMDAwMDAwMDB9fQ==",
          "dependencies": [
            "data.google_compute_vpn_gateway.vpn_gateway_server"
          ]
        }
      ]
    }
  ],
  "check_results": null
}
