{
  "version": 4,
  "terraform_version": "1.5.6",
  "serial": 26,
  "lineage": "30c258ca-9660-5e27-4be7-f44c86cf8eda",
  "outputs": {},
  "resources": [
    {
      "mode": "data",
      "type": "google_compute_network",
      "name": "vpn_network_client",
      "provider": "provider[\"registry.terraform.io/hashicorp/google\"]",
      "instances": [
        {
          "schema_version": 0,
          "attributes": {
            "description": "",
            "gateway_ipv4": "",
            "id": "projects/vitawallet/global/networks/vpn-network-client",
            "name": "vpn-network-client",
            "project": null,
            "self_link": "https://www.googleapis.com/compute/v1/projects/vitawallet/global/networks/vpn-network-client",
            "subnetworks_self_links": [
              "https://www.googleapis.com/compute/v1/projects/vitawallet/regions/europe-central2/subnetworks/vpn-network-client",
              "https://www.googleapis.com/compute/v1/projects/vitawallet/regions/asia-southeast1/subnetworks/vpn-network-client",
              "https://www.googleapis.com/compute/v1/projects/vitawallet/regions/australia-southeast2/subnetworks/vpn-network-client",
              "https://www.googleapis.com/compute/v1/projects/vitawallet/regions/southamerica-west1/subnetworks/vpn-subnet-client",
              "https://www.googleapis.com/compute/v1/projects/vitawallet/regions/asia-northeast1/subnetworks/vpn-network-client",
              "https://www.googleapis.com/compute/v1/projects/vitawallet/regions/us-west2/subnetworks/vpn-network-client",
              "https://www.googleapis.com/compute/v1/projects/vitawallet/regions/asia-south2/subnetworks/vpn-network-client",
              "https://www.googleapis.com/compute/v1/projects/vitawallet/regions/europe-west4/subnetworks/vpn-network-client",
              "https://www.googleapis.com/compute/v1/projects/vitawallet/regions/europe-west9/subnetworks/vpn-network-client",
              "https://www.googleapis.com/compute/v1/projects/vitawallet/regions/southamerica-west1/subnetworks/vpn-network-client",
              "https://www.googleapis.com/compute/v1/projects/vitawallet/regions/australia-southeast1/subnetworks/vpn-network-client",
              "https://www.googleapis.com/compute/v1/projects/vitawallet/regions/me-central1/subnetworks/vpn-network-client",
              "https://www.googleapis.com/compute/v1/projects/vitawallet/regions/europe-west8/subnetworks/vpn-network-client",
              "https://www.googleapis.com/compute/v1/projects/vitawallet/regions/europe-west1/subnetworks/vpn-network-client",
              "https://www.googleapis.com/compute/v1/projects/vitawallet/regions/us-central1/subnetworks/vpn-network-client",
              "https://www.googleapis.com/compute/v1/projects/vitawallet/regions/europe-west3/subnetworks/vpn-network-client",
              "https://www.googleapis.com/compute/v1/projects/vitawallet/regions/europe-west10/subnetworks/vpn-network-client",
              "https://www.googleapis.com/compute/v1/projects/vitawallet/regions/northamerica-northeast2/subnetworks/vpn-network-client",
              "https://www.googleapis.com/compute/v1/projects/vitawallet/regions/asia-northeast2/subnetworks/vpn-network-client",
              "https://www.googleapis.com/compute/v1/projects/vitawallet/regions/us-west1/subnetworks/vpn-network-client",
              "https://www.googleapis.com/compute/v1/projects/vitawallet/regions/europe-west6/subnetworks/vpn-network-client",
              "https://www.googleapis.com/compute/v1/projects/vitawallet/regions/us-west4/subnetworks/vpn-network-client",
              "https://www.googleapis.com/compute/v1/projects/vitawallet/regions/us-south1/subnetworks/vpn-network-client",
              "https://www.googleapis.com/compute/v1/projects/vitawallet/regions/europe-southwest1/subnetworks/vpn-network-client",
              "https://www.googleapis.com/compute/v1/projects/vitawallet/regions/northamerica-northeast1/subnetworks/vpn-network-client",
              "https://www.googleapis.com/compute/v1/projects/vitawallet/regions/asia-east2/subnetworks/vpn-network-client",
              "https://www.googleapis.com/compute/v1/projects/vitawallet/regions/southamerica-east1/subnetworks/vpn-network-client",
              "https://www.googleapis.com/compute/v1/projects/vitawallet/regions/europe-west2/subnetworks/vpn-network-client",
              "https://www.googleapis.com/compute/v1/projects/vitawallet/regions/us-east1/subnetworks/vpn-network-client",
              "https://www.googleapis.com/compute/v1/projects/vitawallet/regions/asia-southeast2/subnetworks/vpn-network-client",
              "https://www.googleapis.com/compute/v1/projects/vitawallet/regions/asia-east1/subnetworks/vpn-network-client",
              "https://www.googleapis.com/compute/v1/projects/vitawallet/regions/asia-south1/subnetworks/vpn-network-client",
              "https://www.googleapis.com/compute/v1/projects/vitawallet/regions/us-east4/subnetworks/vpn-network-client",
              "https://www.googleapis.com/compute/v1/projects/vitawallet/regions/asia-northeast3/subnetworks/vpn-network-client",
              "https://www.googleapis.com/compute/v1/projects/vitawallet/regions/europe-west12/subnetworks/vpn-network-client",
              "https://www.googleapis.com/compute/v1/projects/vitawallet/regions/us-east5/subnetworks/vpn-network-client",
              "https://www.googleapis.com/compute/v1/projects/vitawallet/regions/me-west1/subnetworks/vpn-network-client",
              "https://www.googleapis.com/compute/v1/projects/vitawallet/regions/europe-north1/subnetworks/vpn-network-client",
              "https://www.googleapis.com/compute/v1/projects/vitawallet/regions/us-west3/subnetworks/vpn-network-client"
            ]
          },
          "sensitive_attributes": []
        }
      ]
    },
    {
      "mode": "data",
      "type": "google_compute_vpn_gateway",
      "name": "vpn_gateway_client",
      "provider": "provider[\"registry.terraform.io/hashicorp/google\"]",
      "instances": [
        {
          "schema_version": 0,
          "attributes": {
            "description": "",
            "id": "projects/vitawallet/regions/southamerica-west1/targetVpnGateways/vpn-gateway-client",
            "name": "vpn-gateway-client",
            "network": "https://www.googleapis.com/compute/v1/projects/vitawallet/global/networks/vpn-network-client",
            "project": "vitawallet",
            "region": "https://www.googleapis.com/compute/v1/projects/vitawallet/regions/southamerica-west1",
            "self_link": "https://www.googleapis.com/compute/v1/projects/vitawallet/regions/southamerica-west1/targetVpnGateways/vpn-gateway-client"
          },
          "sensitive_attributes": []
        }
      ]
    },
    {
      "mode": "managed",
      "type": "google_compute_route",
      "name": "route_client",
      "provider": "provider[\"registry.terraform.io/hashicorp/google\"]",
      "instances": [
        {
          "schema_version": 0,
          "attributes": {
            "description": "",
            "dest_range": "10.5.5.0/24",
            "id": "projects/vitawallet/global/routes/route-client",
            "name": "route-client",
            "network": "https://www.googleapis.com/compute/v1/projects/vitawallet/global/networks/vpn-network-client",
            "next_hop_gateway": "",
            "next_hop_ilb": "",
            "next_hop_instance": "",
            "next_hop_instance_zone": null,
            "next_hop_ip": "",
            "next_hop_network": "",
            "next_hop_vpn_tunnel": "https://www.googleapis.com/compute/v1/projects/vitawallet/regions/southamerica-west1/vpnTunnels/vpn-tunnel-client",
            "priority": 1000,
            "project": "vitawallet",
            "self_link": "https://www.googleapis.com/compute/v1/projects/vitawallet/global/routes/route-client",
            "tags": null,
            "timeouts": null
          },
          "sensitive_attributes": [],
          "private": "eyJlMmJmYjczMC1lY2FhLTExZTYtOGY4OC0zNDM2M2JjN2M0YzAiOnsiY3JlYXRlIjoxMjAwMDAwMDAwMDAwLCJkZWxldGUiOjEyMDAwMDAwMDAwMDB9fQ==",
          "dependencies": [
            "data.google_compute_network.vpn_network_client",
            "data.google_compute_vpn_gateway.vpn_gateway_client",
            "google_compute_vpn_tunnel.vpn_tunnel_client"
          ]
        }
      ]
    },
    {
      "mode": "managed",
      "type": "google_compute_vpn_tunnel",
      "name": "vpn_tunnel_client",
      "provider": "provider[\"registry.terraform.io/hashicorp/google\"]",
      "instances": [
        {
          "schema_version": 0,
          "attributes": {
            "creation_timestamp": "2023-08-25T14:57:46.609-07:00",
            "description": "",
            "detailed_status": "Tunnel is up and running.",
            "id": "projects/vitawallet/regions/southamerica-west1/vpnTunnels/vpn-tunnel-client",
            "ike_version": 2,
            "local_traffic_selector": [
              "0.0.0.0/0"
            ],
            "name": "vpn-tunnel-client",
            "peer_external_gateway": "",
            "peer_external_gateway_interface": 0,
            "peer_gcp_gateway": "",
            "peer_ip": "34.176.106.230",
            "project": "vitawallet",
            "region": "southamerica-west1",
            "remote_traffic_selector": [
              "0.0.0.0/0"
            ],
            "router": "",
            "self_link": "https://www.googleapis.com/compute/v1/projects/vitawallet/regions/southamerica-west1/vpnTunnels/vpn-tunnel-client",
            "shared_secret": "VitaWallet",
            "shared_secret_hash": "jd6vb8KPt9rfndVNRN0ff8KGzPrx",
            "target_vpn_gateway": "https://www.googleapis.com/compute/v1/projects/vitawallet/regions/southamerica-west1/targetVpnGateways/vpn-gateway-client",
            "timeouts": null,
            "tunnel_id": "2924413483732999477",
            "vpn_gateway": "",
            "vpn_gateway_interface": 0
          },
          "sensitive_attributes": [],
          "private": "eyJlMmJmYjczMC1lY2FhLTExZTYtOGY4OC0zNDM2M2JjN2M0YzAiOnsiY3JlYXRlIjoxMjAwMDAwMDAwMDAwLCJkZWxldGUiOjEyMDAwMDAwMDAwMDB9fQ==",
          "dependencies": [
            "data.google_compute_vpn_gateway.vpn_gateway_client"
          ]
        }
      ]
    }
  ],
  "check_results": null
}
